
Microsoft Visual Studio Solution File, Format Version 12.00
# Visual Studio Version 17
VisualStudioVersion = 17.3.32929.385
MinimumVisualStudioVersion = 10.0.40219.1
Project("{FAE04EC0-301F-11D3-BF4B-00C04F79EFBC}") = "sms.api", "sms.api\sms.api.csproj", "{F7A79D8E-DE6A-497E-ABAC-9B1AD33B99EB}"
EndProject
Global
	GlobalSection(SolutionConfigurationPlatforms) = preSolution
		Debug|Any CPU = Debug|Any CPU
		Release|Any CPU = Release|Any CPU
	EndGlobalSection
	GlobalSection(ProjectConfigurationPlatforms) = postSolution
		{F7A79D8E-DE6A-497E-ABAC-9B1AD33B99EB}.Debug|Any CPU.ActiveCfg = Debug|Any CPU
		{F7A79D8E-DE6A-497E-ABAC-9B1AD33B99EB}.Debug|Any CPU.Build.0 = Debug|Any CPU
		{F7A79D8E-DE6A-497E-ABAC-9B1AD33B99EB}.Release|Any CPU.ActiveCfg = Release|Any CPU
		{F7A79D8E-DE6A-497E-ABAC-9B1AD33B99EB}.Release|Any CPU.Build.0 = Release|Any CPU
	EndGlobalSection
	GlobalSection(SolutionProperties) = preSolution
		HideSolutionNode = FALSE
	EndGlobalSection
	GlobalSection(ExtensibilityGlobals) = postSolution
		SolutionGuid = {C09B99B8-E443-4A38-B2BE-82D88994BA5E}
	EndGlobalSection
EndGlobal
